
Microsoft Visual Studio Solution File, Format Version 12.00
# Visual Studio Version 17
VisualStudioVersion = 17.9.34723.18
MinimumVisualStudioVersion = 10.0.40219.1
Project("{888888A0-9F3D-457C-B088-3A5042F75D52}") = "RaytracerPython", "RaytracerPython.pyproj", "{778FA542-12A3-479F-8E99-F2297FDFDA45}"
EndProject
Global
	GlobalSection(SolutionConfigurationPlatforms) = preSolution
		Debug|Any CPU = Debug|Any CPU
		Release|Any CPU = Release|Any CPU
	EndGlobalSection
	GlobalSection(ProjectConfigurationPlatforms) = postSolution
		{778FA542-12A3-479F-8E99-F2297FDFDA45}.Debug|Any CPU.ActiveCfg = Debug|Any CPU
		{778FA542-12A3-479F-8E99-F2297FDFDA45}.Release|Any CPU.ActiveCfg = Release|Any CPU
	EndGlobalSection
	GlobalSection(SolutionProperties) = preSolution
		HideSolutionNode = FALSE
	EndGlobalSection
	GlobalSection(ExtensibilityGlobals) = postSolution
		SolutionGuid = {12C3FE85-B885-48A7-8725-2DC2F8277B92}
	EndGlobalSection
EndGlobal
